
Microsoft Visual Studio Solution File, Format Version 12.00
# Visual Studio Version 17
VisualStudioVersion = 17.9.34728.123
MinimumVisualStudioVersion = 10.0.40219.1
Project("{9A19103F-16F7-4668-BE54-9A1E7A4F7556}") = "blazor-app", "blazor-app.csproj", "{00290200-F7E4-47B8-A5AD-A7CF286740F1}"
EndProject
Global
	GlobalSection(SolutionConfigurationPlatforms) = preSolution
		Debug|Any CPU = Debug|Any CPU
		Release|Any CPU = Release|Any CPU
	EndGlobalSection
	GlobalSection(ProjectConfigurationPlatforms) = postSolution
		{00290200-F7E4-47B8-A5AD-A7CF286740F1}.Debug|Any CPU.ActiveCfg = Debug|Any CPU
		{00290200-F7E4-47B8-A5AD-A7CF286740F1}.Debug|Any CPU.Build.0 = Debug|Any CPU
		{00290200-F7E4-47B8-A5AD-A7CF286740F1}.Release|Any CPU.ActiveCfg = Release|Any CPU
		{00290200-F7E4-47B8-A5AD-A7CF286740F1}.Release|Any CPU.Build.0 = Release|Any CPU
	EndGlobalSection
	GlobalSection(SolutionProperties) = preSolution
		HideSolutionNode = FALSE
	EndGlobalSection
	GlobalSection(ExtensibilityGlobals) = postSolution
		SolutionGuid = {1912FB1F-38E3-40CE-8FA7-4CBA03797621}
	EndGlobalSection
EndGlobal
